
Microsoft Visual Studio Solution File, Format Version 12.00
# Visual Studio Version 16
VisualStudioVersion = 16.0.28922.388
MinimumVisualStudioVersion = 10.0.40219.1
Project("{FAE04EC0-301F-11D3-BF4B-00C04F79EFBC}") = "Humans of Oando", "Humans of Oando\Humans of Oando.csproj", "{634F9DCC-E438-4C87-9B69-EC00740E3A73}"
EndProject
Global
	GlobalSection(SolutionConfigurationPlatforms) = preSolution
		Debug|Any CPU = Debug|Any CPU
		Release|Any CPU = Release|Any CPU
	EndGlobalSection
	GlobalSection(ProjectConfigurationPlatforms) = postSolution
		{634F9DCC-E438-4C87-9B69-EC00740E3A73}.Debug|Any CPU.ActiveCfg = Debug|Any CPU
		{634F9DCC-E438-4C87-9B69-EC00740E3A73}.Debug|Any CPU.Build.0 = Debug|Any CPU
		{634F9DCC-E438-4C87-9B69-EC00740E3A73}.Release|Any CPU.ActiveCfg = Release|Any CPU
		{634F9DCC-E438-4C87-9B69-EC00740E3A73}.Release|Any CPU.Build.0 = Release|Any CPU
	EndGlobalSection
	GlobalSection(SolutionProperties) = preSolution
		HideSolutionNode = FALSE
	EndGlobalSection
	GlobalSection(ExtensibilityGlobals) = postSolution
		SolutionGuid = {A2B91E6D-43E3-461D-817A-7C5773F9AF8D}
	EndGlobalSection
EndGlobal
